// !$*UTF8*$!
{
	archiveVersion = 1;
	classes = {
	};
	objectVersion = 70;
	objects = {

/* Begin PBXBuildFile section */
		A100000000000000000000A1 /* FluidAudio in Frameworks */ = {isa = PBXBuildFile; productRef = B200000000000000000000B2 /* FluidAudio */; };
/* End PBXBuildFile section */

/* Begin PBXFileReference section */
		A200000000000000000000A2 /* Goji.app */ = {isa = PBXFileReference; explicitFileType = wrapper.application; includeInIndex = 0; path = Goji.app; sourceTree = BUILT_PRODUCTS_DIR; };
/* End PBXFileReference section */

/* Begin PBXFileSystemSynchronizedRootGroup section */
		A300000000000000000000A3 /* Goji */ = {isa = PBXFileSystemSynchronizedRootGroup; explicitFileTypes = {}; explicitFolders = (); path = Goji; sourceTree = "<group>"; };
/* End PBXFileSystemSynchronizedRootGroup section */

/* Begin PBXFrameworksBuildPhase section */
		A400000000000000000000A4 /* Frameworks */ = {
			isa = PBXFrameworksBuildPhase;
			buildActionMask = 2147483647;
			files = (
				A100000000000000000000A1 /* FluidAudio in Frameworks */,
			);
			runOnlyForDeploymentPostprocessing = 0;
		};
/* End PBXFrameworksBuildPhase section */

/* Begin PBXGroup section */
		A500000000000000000000A5 = {
			isa = PBXGroup;
			children = (
				A300000000000000000000A3 /* Goji */,
				A600000000000000000000A6 /* Products */,
			);
			sourceTree = "<group>";
		};
		A600000000000000000000A6 /* Products */ = {
			isa = PBXGroup;
			children = (
				A200000000000000000000A2 /* Goji.app */,
			);
			name = Products;
			sourceTree = "<group>";
		};
/* End PBXGroup section */

/* Begin PBXNativeTarget section */
		A700000000000000000000A7 /* Goji */ = {
			isa = PBXNativeTarget;
			buildConfigurationList = B000000000000000000000B0 /* Build configuration list for PBXNativeTarget "Goji" */;
			buildPhases = (
				A900000000000000000000A9 /* Sources */,
				A400000000000000000000A4 /* Frameworks */,
				AA00000000000000000000AA /* Resources */,
			);
			buildRules = (
			);
			dependencies = (
			);
			fileSystemSynchronizedGroups = (
				A300000000000000000000A3 /* Goji */,
			);
			name = Goji;
			packageProductDependencies = (
				B200000000000000000000B2 /* FluidAudio */,
			);
			productName = Goji;
			productReference = A200000000000000000000A2 /* Goji.app */;
			productType = "com.apple.product-type.application";
		};
/* End PBXNativeTarget section */

/* Begin PBXProject section */
		A800000000000000000000A8 /* Project object */ = {
			isa = PBXProject;
			attributes = {
				BuildIndependentTargetsInParallel = 1;
				LastSwiftUpdateCheck = 1600;
				LastUpgradeCheck = 1600;
				TargetAttributes = {
					A700000000000000000000A7 = {
						CreatedOnToolsVersion = 16.0;
					};
				};
			};
			buildConfigurationList = AF00000000000000000000AF /* Build configuration list for PBXProject "Goji" */;
			compatibilityVersion = "Xcode 15.0";
			developmentRegion = en;
			hasScannedForEncodings = 0;
			knownRegions = (
				en,
				Base,
			);
			mainGroup = A500000000000000000000A5;
			packageReferences = (
				B100000000000000000000B1 /* XCRemoteSwiftPackageReference "FluidAudio" */,
			);
			productRefGroup = A600000000000000000000A6 /* Products */;
			projectDirPath = "";
			projectRoot = "";
			targets = (
				A700000000000000000000A7 /* Goji */,
			);
		};
/* End PBXProject section */

/* Begin PBXResourcesBuildPhase section */
		AA00000000000000000000AA /* Resources */ = {
			isa = PBXResourcesBuildPhase;
			buildActionMask = 2147483647;
			files = (
			);
			runOnlyForDeploymentPostprocessing = 0;
		};
/* End PBXResourcesBuildPhase section */

/* Begin PBXSourcesBuildPhase section */
		A900000000000000000000A9 /* Sources */ = {
			isa = PBXSourcesBuildPhase;
			buildActionMask = 2147483647;
			files = (
			);
			runOnlyForDeploymentPostprocessing = 0;
		};
/* End PBXSourcesBuildPhase section */

/* Begin XCBuildConfiguration section */
		AB00000000000000000000AB /* Debug */ = {
			isa = XCBuildConfiguration;
			buildSettings = {
				ALWAYS_SEARCH_USER_PATHS = NO;
				CLANG_ENABLE_MODULES = YES;
				CLANG_ENABLE_OBJC_ARC = YES;
				COPY_PHASE_STRIP = NO;
				DEBUG_INFORMATION_FORMAT = dwarf;
				ENABLE_TESTABILITY = YES;
				GCC_OPTIMIZATION_LEVEL = 0;
				GCC_PREPROCESSOR_DEFINITIONS = (
					"DEBUG=1",
					"$(inherited)",
				);
				MACOSX_DEPLOYMENT_TARGET = 14.0;
				MTL_ENABLE_DEBUG_INFO = INCLUDE_SOURCE;
				ONLY_ACTIVE_ARCH = YES;
				SDKROOT = macosx;
				SWIFT_ACTIVE_COMPILATION_CONDITIONS = "DEBUG $(inherited)";
				SWIFT_OPTIMIZATION_LEVEL = "-Onone";
				SWIFT_VERSION = 5.0;
			};
			name = Debug;
		};
		AC00000000000000000000AC /* Release */ = {
			isa = XCBuildConfiguration;
			buildSettings = {
				ALWAYS_SEARCH_USER_PATHS = NO;
				CLANG_ENABLE_MODULES = YES;
				CLANG_ENABLE_OBJC_ARC = YES;
				COPY_PHASE_STRIP = NO;
				DEBUG_INFORMATION_FORMAT = "dwarf-with-dsym";
				ENABLE_NS_ASSERTIONS = NO;
				MACOSX_DEPLOYMENT_TARGET = 14.0;
				MTL_ENABLE_DEBUG_INFO = NO;
				SDKROOT = macosx;
				SWIFT_COMPILATION_MODE = wholemodule;
				SWIFT_OPTIMIZATION_LEVEL = "-O";
				SWIFT_VERSION = 5.0;
			};
			name = Release;
		};
		AD00000000000000000000AD /* Debug */ = {
			isa = XCBuildConfiguration;
			buildSettings = {
				ASSETCATALOG_COMPILER_APPICON_NAME = AppIcon;
				CODE_SIGN_ENTITLEMENTS = Goji/Goji.entitlements;
				CODE_SIGN_STYLE = Automatic;
				COMBINE_HIDPI_IMAGES = YES;
				DEVELOPMENT_TEAM = VTMKE23N5G;
				CURRENT_PROJECT_VERSION = 4;
				ENABLE_HARDENED_RUNTIME = YES;
				GENERATE_INFOPLIST_FILE = YES;
				INFOPLIST_KEY_LSUIElement = YES;
				INFOPLIST_KEY_NSMicrophoneUsageDescription = "Goji listens while you hold the dictation key and transcribes entirely on this Mac. Audio never leaves your computer.";
				LD_RUNPATH_SEARCH_PATHS = (
					"$(inherited)",
					"@executable_path/../Frameworks",
				);
				MARKETING_VERSION = 1.0.2;
				PRODUCT_BUNDLE_IDENTIFIER = com.brendanrong.Goji;
				PRODUCT_NAME = "$(TARGET_NAME)";
				SWIFT_EMIT_LOC_STRINGS = YES;
			};
			name = Debug;
		};
		AE00000000000000000000AE /* Release */ = {
			isa = XCBuildConfiguration;
			buildSettings = {
				ASSETCATALOG_COMPILER_APPICON_NAME = AppIcon;
				CODE_SIGN_ENTITLEMENTS = Goji/Goji.entitlements;
				CODE_SIGN_STYLE = Automatic;
				COMBINE_HIDPI_IMAGES = YES;
				DEVELOPMENT_TEAM = VTMKE23N5G;
				CURRENT_PROJECT_VERSION = 4;
				ENABLE_HARDENED_RUNTIME = YES;
				GENERATE_INFOPLIST_FILE = YES;
				INFOPLIST_KEY_LSUIElement = YES;
				INFOPLIST_KEY_NSMicrophoneUsageDescription = "Goji listens while you hold the dictation key and transcribes entirely on this Mac. Audio never leaves your computer.";
				LD_RUNPATH_SEARCH_PATHS = (
					"$(inherited)",
					"@executable_path/../Frameworks",
				);
				MARKETING_VERSION = 1.0.2;
				PRODUCT_BUNDLE_IDENTIFIER = com.brendanrong.Goji;
				PRODUCT_NAME = "$(TARGET_NAME)";
				SWIFT_EMIT_LOC_STRINGS = YES;
			};
			name = Release;
		};
/* End XCBuildConfiguration section */

/* Begin XCConfigurationList section */
		AF00000000000000000000AF /* Build configuration list for PBXProject "Goji" */ = {
			isa = XCConfigurationList;
			buildConfigurations = (
				AB00000000000000000000AB /* Debug */,
				AC00000000000000000000AC /* Release */,
			);
			defaultConfigurationIsVisible = 0;
			defaultConfigurationName = Release;
		};
		B000000000000000000000B0 /* Build configuration list for PBXNativeTarget "Goji" */ = {
			isa = XCConfigurationList;
			buildConfigurations = (
				AD00000000000000000000AD /* Debug */,
				AE00000000000000000000AE /* Release */,
			);
			defaultConfigurationIsVisible = 0;
			defaultConfigurationName = Release;
		};
/* End XCConfigurationList section */

/* Begin XCRemoteSwiftPackageReference section */
		B100000000000000000000B1 /* XCRemoteSwiftPackageReference "FluidAudio" */ = {
			isa = XCRemoteSwiftPackageReference;
			repositoryURL = "https://github.com/FluidInference/FluidAudio.git";
			requirement = {
				kind = upToNextMajorVersion;
				minimumVersion = 0.12.4;
			};
		};
/* End XCRemoteSwiftPackageReference section */

/* Begin XCSwiftPackageProductDependency section */
		B200000000000000000000B2 /* FluidAudio */ = {
			isa = XCSwiftPackageProductDependency;
			package = B100000000000000000000B1 /* XCRemoteSwiftPackageReference "FluidAudio" */;
			productName = FluidAudio;
		};
/* End XCSwiftPackageProductDependency section */
	};
	rootObject = A800000000000000000000A8 /* Project object */;
}
